
Microsoft Visual Studio Solution File, Format Version 12.00
# Visual Studio Version 16
VisualStudioVersion = 16.0.30114.105
MinimumVisualStudioVersion = 10.0.40219.1
Project("{FAE04EC0-301F-11D3-BF4B-00C04F79EFBC}") = "app", "app\app.csproj", "{A75FBD9E-76DA-4084-9C4A-BADE81F900BF}"
EndProject
Project("{FAE04EC0-301F-11D3-BF4B-00C04F79EFBC}") = "app.Tests", "app.Tests\app.Tests.csproj", "{B458A5C5-8F4D-4857-B476-2DD11C6853A6}"
EndProject
Project("{FAE04EC0-301F-11D3-BF4B-00C04F79EFBC}") = "GLSimulator", "GLSimulator\GLSimulator.csproj", "{416589A2-4420-4E45-8CA4-2F7303FE17D6}"
EndProject
Global
	GlobalSection(SolutionConfigurationPlatforms) = preSolution
		Debug|Any CPU = Debug|Any CPU
		Release|Any CPU = Release|Any CPU
	EndGlobalSection
	GlobalSection(SolutionProperties) = preSolution
		HideSolutionNode = FALSE
	EndGlobalSection
	GlobalSection(ProjectConfigurationPlatforms) = postSolution
		{A75FBD9E-76DA-4084-9C4A-BADE81F900BF}.Debug|Any CPU.ActiveCfg = Debug|Any CPU
		{A75FBD9E-76DA-4084-9C4A-BADE81F900BF}.Debug|Any CPU.Build.0 = Debug|Any CPU
		{A75FBD9E-76DA-4084-9C4A-BADE81F900BF}.Release|Any CPU.ActiveCfg = Release|Any CPU
		{A75FBD9E-76DA-4084-9C4A-BADE81F900BF}.Release|Any CPU.Build.0 = Release|Any CPU
		{B458A5C5-8F4D-4857-B476-2DD11C6853A6}.Debug|Any CPU.ActiveCfg = Debug|Any CPU
		{B458A5C5-8F4D-4857-B476-2DD11C6853A6}.Debug|Any CPU.Build.0 = Debug|Any CPU
		{B458A5C5-8F4D-4857-B476-2DD11C6853A6}.Release|Any CPU.ActiveCfg = Release|Any CPU
		{B458A5C5-8F4D-4857-B476-2DD11C6853A6}.Release|Any CPU.Build.0 = Release|Any CPU
		{416589A2-4420-4E45-8CA4-2F7303FE17D6}.Debug|Any CPU.ActiveCfg = Debug|Any CPU
		{416589A2-4420-4E45-8CA4-2F7303FE17D6}.Debug|Any CPU.Build.0 = Debug|Any CPU
		{416589A2-4420-4E45-8CA4-2F7303FE17D6}.Release|Any CPU.ActiveCfg = Release|Any CPU
		{416589A2-4420-4E45-8CA4-2F7303FE17D6}.Release|Any CPU.Build.0 = Release|Any CPU
	EndGlobalSection
EndGlobal
